{
    "_readme": [
        "This file locks the dependencies of your project to a known state",
        "Read more about it at https://getcomposer.org/doc/01-basic-usage.md#composer-lock-the-lock-file",
        "This file is @generated automatically"
    ],
    "hash": "943f559f226e77f0ebc95379ab73c3d1",
    "packages": [
        {
            "name": "anax/mvc",
            "version": "dev-master",
            "source": {
                "type": "git",
                "url": "https://github.com/mosbth/Anax-MVC.git",
                "reference": "b996e34c5d9167ada25abf312474e451180e33c0"
            },
            "dist": {
                "type": "zip",
                "url": "https://api.github.com/repos/mosbth/Anax-MVC/zipball/b996e34c5d9167ada25abf312474e451180e33c0",
                "reference": "b996e34c5d9167ada25abf312474e451180e33c0",
                "shasum": ""
            },
            "require": {
                "php": ">=5.4"
            },
            "type": "library",
            "autoload": {
                "psr-4": {
                    "Anax\\": "src/"
                }
            },
            "notification-url": "https://packagist.org/downloads/",
            "license": [
                "MIT"
            ],
            "authors": [
                {
                    "name": "Mikael Roos",
                    "email": "me@mikaelroos.se",
                    "homepage": "http://mikaelroos.se",
                    "role": "Developer"
                }
            ],
            "description": "Webtemplate to create websites",
            "homepage": "http://dbwebb.se",
            "keywords": [
                "boilerplate",
                "education",
                "framework",
                "micro",
                "mvc"
            ],
            "time": "2015-05-20 20:48:21"
        },
        {
            "name": "mos/cdatabase",
            "version": "dev-master",
            "source": {
                "type": "git",
                "url": "https://github.com/mosbth/cdatabase.git",
                "reference": "5746aa83f062321f8f9016f0bc57a6c0e65300fb"
            },
            "dist": {
                "type": "zip",
                "url": "https://api.github.com/repos/mosbth/cdatabase/zipball/5746aa83f062321f8f9016f0bc57a6c0e65300fb",
                "reference": "5746aa83f062321f8f9016f0bc57a6c0e65300fb",
                "shasum": ""
            },
            "require": {
                "php": ">=5.4"
            },
            "type": "library",
            "autoload": {
                "psr-4": {
                    "Mos\\": "src/"
                }
            },
            "notification-url": "https://packagist.org/downloads/",
            "license": [
                "MIT"
            ],
            "authors": [
                {
                    "name": "Mikael Roos",
                    "email": "me@mikaelroos.se",
                    "homepage": "http://mikaelroos.se",
                    "role": "Developer"
                }
            ],
            "description": "PHP classes for database handling upon PDO",
            "homepage": "http://dbwebb.se",
            "keywords": [
                "education",
                "framework",
                "micro",
                "module",
                "mvc"
            ],
            "time": "2015-03-13 15:36:43"
        }
    ],
    "packages-dev": [],
    "aliases": [],
    "minimum-stability": "stable",
    "stability-flags": {
        "mos/cdatabase": 20,
        "anax/mvc": 20
    },
    "prefer-stable": false,
    "prefer-lowest": false,
    "platform": [],
    "platform-dev": []
}
